
Microsoft Visual Studio Solution File, Format Version 12.00
# Visual Studio Version 17
VisualStudioVersion = 17.13.35825.156 d17.13
MinimumVisualStudioVersion = 10.0.40219.1
Project("{FAE04EC0-301F-11D3-BF4B-00C04F79EFBC}") = "Catalog.API", "src\Catalog.API\Catalog.API.csproj", "{C15D8C21-9568-4439-BCFC-A665D85F6DB7}"
EndProject
Project("{2150E333-8FDC-42A3-9474-1A3956D46DE8}") = "src", "src", "{E0C2B5C8-683E-48D5-8C7F-D15F612689C3}"
EndProject
Project("{FAE04EC0-301F-11D3-BF4B-00C04F79EFBC}") = "BuildingBlocks", "src\BuildingBlocks\BuildingBlocks.csproj", "{69EFF111-8A75-4583-8BB4-74EDAF5258B6}"
EndProject
Project("{E53339B2-1760-4266-BCC7-CA923CBCF16C}") = "docker-compose", "docker-compose.dcproj", "{81DDED9D-158B-E303-5F62-77A2896D2A5A}"
EndProject
Project("{FAE04EC0-301F-11D3-BF4B-00C04F79EFBC}") = "Basket.API", "src\Basket.API\Basket.API.csproj", "{53127FEF-DA20-4DF6-8CD5-ADAA6479CF2F}"
EndProject
Project("{FAE04EC0-301F-11D3-BF4B-00C04F79EFBC}") = "Discount.GRPC", "src\Discount.GRPC\Discount.GRPC.csproj", "{440B05EE-74E5-45CC-B64E-615ADA03AF57}"
EndProject
Project("{FAE04EC0-301F-11D3-BF4B-00C04F79EFBC}") = "Ordering.Core", "src\Ordering.Core\Ordering.Core.csproj", "{0F4E54E3-7352-4A1E-A901-885078E31458}"
EndProject
Project("{FAE04EC0-301F-11D3-BF4B-00C04F79EFBC}") = "Ordering.Infrastructure", "src\Ordering.Infrastructure\Ordering.Infrastructure.csproj", "{25EAFC6A-8B43-4983-A477-6CFCF81F6996}"
EndProject
Project("{FAE04EC0-301F-11D3-BF4B-00C04F79EFBC}") = "Ordering.Web", "src\Ordering.Web\Ordering.Web.csproj", "{0C388B18-7B34-479A-8B5E-8DFD7D351F7A}"
EndProject
Project("{FAE04EC0-301F-11D3-BF4B-00C04F79EFBC}") = "Ordering.UseCases", "src\Ordering.UseCases\Ordering.UseCases.csproj", "{40803DDC-2039-4728-8D1E-B810F68EDF37}"
EndProject
Global
	GlobalSection(SolutionConfigurationPlatforms) = preSolution
		Debug|Any CPU = Debug|Any CPU
		Release|Any CPU = Release|Any CPU
	EndGlobalSection
	GlobalSection(ProjectConfigurationPlatforms) = postSolution
		{C15D8C21-9568-4439-BCFC-A665D85F6DB7}.Debug|Any CPU.ActiveCfg = Debug|Any CPU
		{C15D8C21-9568-4439-BCFC-A665D85F6DB7}.Debug|Any CPU.Build.0 = Debug|Any CPU
		{C15D8C21-9568-4439-BCFC-A665D85F6DB7}.Release|Any CPU.ActiveCfg = Release|Any CPU
		{C15D8C21-9568-4439-BCFC-A665D85F6DB7}.Release|Any CPU.Build.0 = Release|Any CPU
		{69EFF111-8A75-4583-8BB4-74EDAF5258B6}.Debug|Any CPU.ActiveCfg = Debug|Any CPU
		{69EFF111-8A75-4583-8BB4-74EDAF5258B6}.Debug|Any CPU.Build.0 = Debug|Any CPU
		{69EFF111-8A75-4583-8BB4-74EDAF5258B6}.Release|Any CPU.ActiveCfg = Release|Any CPU
		{69EFF111-8A75-4583-8BB4-74EDAF5258B6}.Release|Any CPU.Build.0 = Release|Any CPU
		{81DDED9D-158B-E303-5F62-77A2896D2A5A}.Debug|Any CPU.ActiveCfg = Debug|Any CPU
		{81DDED9D-158B-E303-5F62-77A2896D2A5A}.Debug|Any CPU.Build.0 = Debug|Any CPU
		{81DDED9D-158B-E303-5F62-77A2896D2A5A}.Release|Any CPU.ActiveCfg = Release|Any CPU
		{81DDED9D-158B-E303-5F62-77A2896D2A5A}.Release|Any CPU.Build.0 = Release|Any CPU
		{53127FEF-DA20-4DF6-8CD5-ADAA6479CF2F}.Debug|Any CPU.ActiveCfg = Debug|Any CPU
		{53127FEF-DA20-4DF6-8CD5-ADAA6479CF2F}.Debug|Any CPU.Build.0 = Debug|Any CPU
		{53127FEF-DA20-4DF6-8CD5-ADAA6479CF2F}.Release|Any CPU.ActiveCfg = Release|Any CPU
		{53127FEF-DA20-4DF6-8CD5-ADAA6479CF2F}.Release|Any CPU.Build.0 = Release|Any CPU
		{440B05EE-74E5-45CC-B64E-615ADA03AF57}.Debug|Any CPU.ActiveCfg = Debug|Any CPU
		{440B05EE-74E5-45CC-B64E-615ADA03AF57}.Debug|Any CPU.Build.0 = Debug|Any CPU
		{440B05EE-74E5-45CC-B64E-615ADA03AF57}.Release|Any CPU.ActiveCfg = Release|Any CPU
		{440B05EE-74E5-45CC-B64E-615ADA03AF57}.Release|Any CPU.Build.0 = Release|Any CPU
		{0F4E54E3-7352-4A1E-A901-885078E31458}.Debug|Any CPU.ActiveCfg = Debug|Any CPU
		{0F4E54E3-7352-4A1E-A901-885078E31458}.Debug|Any CPU.Build.0 = Debug|Any CPU
		{0F4E54E3-7352-4A1E-A901-885078E31458}.Release|Any CPU.ActiveCfg = Release|Any CPU
		{0F4E54E3-7352-4A1E-A901-885078E31458}.Release|Any CPU.Build.0 = Release|Any CPU
		{25EAFC6A-8B43-4983-A477-6CFCF81F6996}.Debug|Any CPU.ActiveCfg = Debug|Any CPU
		{25EAFC6A-8B43-4983-A477-6CFCF81F6996}.Debug|Any CPU.Build.0 = Debug|Any CPU
		{25EAFC6A-8B43-4983-A477-6CFCF81F6996}.Release|Any CPU.ActiveCfg = Release|Any CPU
		{25EAFC6A-8B43-4983-A477-6CFCF81F6996}.Release|Any CPU.Build.0 = Release|Any CPU
		{0C388B18-7B34-479A-8B5E-8DFD7D351F7A}.Debug|Any CPU.ActiveCfg = Debug|Any CPU
		{0C388B18-7B34-479A-8B5E-8DFD7D351F7A}.Debug|Any CPU.Build.0 = Debug|Any CPU
		{0C388B18-7B34-479A-8B5E-8DFD7D351F7A}.Release|Any CPU.ActiveCfg = Release|Any CPU
		{0C388B18-7B34-479A-8B5E-8DFD7D351F7A}.Release|Any CPU.Build.0 = Release|Any CPU
		{40803DDC-2039-4728-8D1E-B810F68EDF37}.Debug|Any CPU.ActiveCfg = Debug|Any CPU
		{40803DDC-2039-4728-8D1E-B810F68EDF37}.Debug|Any CPU.Build.0 = Debug|Any CPU
		{40803DDC-2039-4728-8D1E-B810F68EDF37}.Release|Any CPU.ActiveCfg = Release|Any CPU
		{40803DDC-2039-4728-8D1E-B810F68EDF37}.Release|Any CPU.Build.0 = Release|Any CPU
	EndGlobalSection
	GlobalSection(SolutionProperties) = preSolution
		HideSolutionNode = FALSE
	EndGlobalSection
	GlobalSection(NestedProjects) = preSolution
		{C15D8C21-9568-4439-BCFC-A665D85F6DB7} = {E0C2B5C8-683E-48D5-8C7F-D15F612689C3}
		{69EFF111-8A75-4583-8BB4-74EDAF5258B6} = {E0C2B5C8-683E-48D5-8C7F-D15F612689C3}
		{53127FEF-DA20-4DF6-8CD5-ADAA6479CF2F} = {E0C2B5C8-683E-48D5-8C7F-D15F612689C3}
		{440B05EE-74E5-45CC-B64E-615ADA03AF57} = {E0C2B5C8-683E-48D5-8C7F-D15F612689C3}
		{0F4E54E3-7352-4A1E-A901-885078E31458} = {E0C2B5C8-683E-48D5-8C7F-D15F612689C3}
		{25EAFC6A-8B43-4983-A477-6CFCF81F6996} = {E0C2B5C8-683E-48D5-8C7F-D15F612689C3}
		{0C388B18-7B34-479A-8B5E-8DFD7D351F7A} = {E0C2B5C8-683E-48D5-8C7F-D15F612689C3}
		{40803DDC-2039-4728-8D1E-B810F68EDF37} = {E0C2B5C8-683E-48D5-8C7F-D15F612689C3}
	EndGlobalSection
EndGlobal
